uuid: 570e971d-7d08-4522-b54e-fc27e5848f3d
langcode: en
status: true
dependencies:
  module:
    - domain
    - q8_search
  theme:
    - q8_blue
id: q8_blue_simplesearchblock
theme: q8_blue
region: content_top
weight: -2
provider: null
plugin: simple_search_block
settings:
  id: simple_search_block
  label: 'Simple search block'
  provider: q8_search
  label_display: '0'
visibility:
  domain:
    id: domain
    domains:
      q8_blue: q8_blue
      q8_tur: q8_tur
    negate: false
    context_mapping:
      'entity:domain': '@domain.current_domain_context:entity:domain'
