uuid: 846d02d0-464a-49c0-a4a0-59bcc465ce08
langcode: en
status: true
dependencies:
  module:
    - q8_search
  theme:
    - d8base
id: simplesearchblock
theme: d8base
region: content_top
weight: -2
provider: null
plugin: simple_search_block
settings:
  id: simple_search_block
  label: 'Simple search block'
  provider: q8_search
  label_display: '0'
visibility: {  }
