uuid: cd71e25c-a612-4b72-935b-f53c478b5135
langcode: en
status: true
dependencies:
  module:
    - q8_search
  theme:
    - q8base
id: q8base_simplesearchblock
theme: q8base
region: content_top
weight: -2
provider: null
plugin: simple_search_block
settings:
  id: simple_search_block
  label: 'Simple search block'
  provider: q8_search
  label_display: '0'
visibility: {  }
