uuid: 6b254705-875e-4758-9100-6aaad4dde4ef
langcode: en
status: true
dependencies:
  config:
    - paragraphs.paragraphs_type.application_banners_block
  module:
    - content_translation
third_party_settings:
  content_translation:
    enabled: false
    bundle_settings:
      untranslatable_fields_hide: '0'
id: paragraph.application_banners_block
target_entity_type_id: paragraph
target_bundle: application_banners_block
default_langcode: site_default
language_alterable: true
