uuid: 21bffd55-1dcb-4748-b933-3e7e021a5dab
langcode: en
status: true
dependencies:
  content:
    - 'file:file:03c97e79-2315-48e0-b718-8aeb15cb12ce'
id: application_banners_block
label: 'Application banners (block)'
icon_uuid: 03c97e79-2315-48e0-b718-8aeb15cb12ce
description: ''
behavior_plugins: {  }
